
Microsoft Visual Studio Solution File, Format Version 12.00
# Visual Studio 2012
Project("{FAE04EC0-301F-11D3-BF4B-00C04F79EFBC}") = "Refactorings", "Source\Refactorings\Refactorings.csproj", "{B4AD8AFB-4335-40B4-A311-96407931E615}"
EndProject
Project("{2150E333-8FDC-42A3-9474-1A3956D46DE8}") = "Source", "Source", "{19B21886-6263-426D-A246-C10BCE86EDEB}"
EndProject
Project("{2150E333-8FDC-42A3-9474-1A3956D46DE8}") = "TestProjects", "TestProjects", "{E087E4C2-B890-4577-AC54-9CD005C070E0}"
EndProject
Project("{FAE04EC0-301F-11D3-BF4B-00C04F79EFBC}") = "TestSolution", "TestSolution\TestSolution\TestSolution.csproj", "{63C24FC0-6D7D-40AD-820E-A92546153E56}"
EndProject
Global
	GlobalSection(SolutionConfigurationPlatforms) = preSolution
		Debug|Any CPU = Debug|Any CPU
		Release|Any CPU = Release|Any CPU
	EndGlobalSection
	GlobalSection(ProjectConfigurationPlatforms) = postSolution
		{B4AD8AFB-4335-40B4-A311-96407931E615}.Debug|Any CPU.ActiveCfg = Debug|Any CPU
		{B4AD8AFB-4335-40B4-A311-96407931E615}.Debug|Any CPU.Build.0 = Debug|Any CPU
		{B4AD8AFB-4335-40B4-A311-96407931E615}.Release|Any CPU.ActiveCfg = Release|Any CPU
		{B4AD8AFB-4335-40B4-A311-96407931E615}.Release|Any CPU.Build.0 = Release|Any CPU
		{63C24FC0-6D7D-40AD-820E-A92546153E56}.Debug|Any CPU.ActiveCfg = Debug|Any CPU
		{63C24FC0-6D7D-40AD-820E-A92546153E56}.Release|Any CPU.ActiveCfg = Release|Any CPU
	EndGlobalSection
	GlobalSection(SolutionProperties) = preSolution
		HideSolutionNode = FALSE
	EndGlobalSection
	GlobalSection(NestedProjects) = preSolution
		{B4AD8AFB-4335-40B4-A311-96407931E615} = {19B21886-6263-426D-A246-C10BCE86EDEB}
		{63C24FC0-6D7D-40AD-820E-A92546153E56} = {E087E4C2-B890-4577-AC54-9CD005C070E0}
	EndGlobalSection
EndGlobal
